
Microsoft Visual Studio Solution File, Format Version 12.00
# Visual Studio Version 17
VisualStudioVersion = 17.9.34902.65
MinimumVisualStudioVersion = 10.0.40219.1
Project("{2150E333-8FDC-42A3-9474-1A3956D46DE8}") = "Services", "Services", "{AE29194F-592A-49DB-9B4F-91181F8FA63F}"
EndProject
Project("{2150E333-8FDC-42A3-9474-1A3956D46DE8}") = "Catalog", "Catalog", "{22455AB6-41FE-44A0-AE83-178414D2B90C}"
EndProject
Project("{9A19103F-16F7-4668-BE54-9A1E7A4F7556}") = "Catalog.Api", "Services\Catalog\Catalog.Api\Catalog.Api.csproj", "{319CE203-8F7C-4684-8ABA-09A96093648C}"
EndProject
Project("{9A19103F-16F7-4668-BE54-9A1E7A4F7556}") = "Catalog.Domain", "Services\Catalog\Catalog.Domain\Catalog.Domain.csproj", "{57559DA5-691C-4CB2-9028-4CA27FFB6621}"
EndProject
Project("{9A19103F-16F7-4668-BE54-9A1E7A4F7556}") = "Catalog.DataAccess", "Services\Catalog\Catalog.DataAccess\Catalog.DataAccess.csproj", "{FCF8DA91-923A-489B-BF80-42F09BC6D8EF}"
EndProject
Project("{9A19103F-16F7-4668-BE54-9A1E7A4F7556}") = "Catalog.ApplicationService", "Services\Catalog\Catalog.ApplicationService\Catalog.ApplicationService.csproj", "{A334B642-830E-4185-93FE-04CBA4B52739}"
EndProject
Project("{E53339B2-1760-4266-BCC7-CA923CBCF16C}") = "docker-compose", "docker-compose.dcproj", "{1164236E-C1CA-444B-9E74-60AAEE17C088}"
EndProject
Project("{2150E333-8FDC-42A3-9474-1A3956D46DE8}") = "Basket", "Basket", "{26E377EA-D410-4041-B74D-DC6C23F795C6}"
EndProject
Project("{9A19103F-16F7-4668-BE54-9A1E7A4F7556}") = "Basket.Api", "Services\Basket\Basket.Api\Basket.Api.csproj", "{7BB5FAE9-3CF4-4334-9A76-71DF2F78AAE8}"
EndProject
Project("{2150E333-8FDC-42A3-9474-1A3956D46DE8}") = "Discount", "Discount", "{39A00F22-5C3E-44BD-A03C-0CCEC8AA5878}"
EndProject
Project("{9A19103F-16F7-4668-BE54-9A1E7A4F7556}") = "Discount.Api", "Services\Discount\Discount.Api\Discount.Api.csproj", "{B937D8CD-FDDC-4D96-B03A-2C56EC2A26A3}"
EndProject
Project("{9A19103F-16F7-4668-BE54-9A1E7A4F7556}") = "Discount.Grpc", "Services\Discount\Discount.Grpc\Discount.Grpc.csproj", "{23C97329-8CA9-4C40-AB8C-36329C8A0928}"
EndProject
Project("{2150E333-8FDC-42A3-9474-1A3956D46DE8}") = "Ordering", "Ordering", "{E8B05F90-26B0-41C1-A0D2-313905ADA6EA}"
EndProject
Project("{2150E333-8FDC-42A3-9474-1A3956D46DE8}") = "ApplicationCore", "ApplicationCore", "{E64F8FC1-2B72-4724-9692-0BDAAD0E5EE4}"
EndProject
Project("{2150E333-8FDC-42A3-9474-1A3956D46DE8}") = "EndPoints", "EndPoints", "{B78DEB02-3911-427D-A1C2-4EE1FBECD3D2}"
EndProject
Project("{2150E333-8FDC-42A3-9474-1A3956D46DE8}") = "infrastructure", "infrastructure", "{55B79118-880B-402B-9537-E653AB6DE4B0}"
EndProject
Project("{9A19103F-16F7-4668-BE54-9A1E7A4F7556}") = "Ordering.Api", "Services\Ordering\Ordering.Api\Ordering.Api.csproj", "{596F33D1-3E2A-4F44-99D6-DA0A9851EA01}"
EndProject
Project("{9A19103F-16F7-4668-BE54-9A1E7A4F7556}") = "Ordering.ApplicationService", "Services\Ordering\Ordering.ApplicationService\Ordering.ApplicationService.csproj", "{38794FC1-0990-4060-9D79-1B34188F547B}"
EndProject
Project("{9A19103F-16F7-4668-BE54-9A1E7A4F7556}") = "Ordering.Domain", "Services\Ordering\Ordering.Domain\Ordering.Domain.csproj", "{6912420B-02F2-4267-9BE2-AA1991C2CD3A}"
EndProject
Project("{9A19103F-16F7-4668-BE54-9A1E7A4F7556}") = "Ordering.Framework", "Services\Ordering\Ordering.Framework\Ordering.Framework.csproj", "{56F1256C-92A8-4599-9F77-2B5BAA322B8D}"
EndProject
Project("{9A19103F-16F7-4668-BE54-9A1E7A4F7556}") = "Ordering.DataAccess", "Services\Ordering.DataAccess\Ordering.DataAccess.csproj", "{5873643B-71F5-4595-BE1F-AA37E441A396}"
EndProject
Project("{9A19103F-16F7-4668-BE54-9A1E7A4F7556}") = "Ordering.IoC", "Services\Ordering.IoC\Ordering.IoC.csproj", "{CE00423D-6D9E-4AA1-B2C3-F36BD5E73378}"
EndProject
Project("{2150E333-8FDC-42A3-9474-1A3956D46DE8}") = "BuildingBlocks", "BuildingBlocks", "{3AFC0905-3021-4982-9B12-92C39D4B48A7}"
EndProject
Project("{9A19103F-16F7-4668-BE54-9A1E7A4F7556}") = "EventBus.Messages", "BuildingBlocks\EventBus.Messages\EventBus.Messages.csproj", "{1995DB06-B884-4120-863B-8F9F07483400}"
EndProject
Project("{2150E333-8FDC-42A3-9474-1A3956D46DE8}") = "ApiGateways", "ApiGateways", "{ABBA1EC0-FB1E-4063-B059-F92EE8B0651F}"
EndProject
Project("{FAE04EC0-301F-11D3-BF4B-00C04F79EFBC}") = "OcelotApiGateway", "ApiGateways\OcelotApiGateway\OcelotApiGateway.csproj", "{B00AAF5F-4EE0-41B5-8B53-F876705F8685}"
EndProject
Global
	GlobalSection(SolutionConfigurationPlatforms) = preSolution
		Debug|Any CPU = Debug|Any CPU
		Release|Any CPU = Release|Any CPU
	EndGlobalSection
	GlobalSection(ProjectConfigurationPlatforms) = postSolution
		{319CE203-8F7C-4684-8ABA-09A96093648C}.Debug|Any CPU.ActiveCfg = Debug|Any CPU
		{319CE203-8F7C-4684-8ABA-09A96093648C}.Debug|Any CPU.Build.0 = Debug|Any CPU
		{319CE203-8F7C-4684-8ABA-09A96093648C}.Release|Any CPU.ActiveCfg = Release|Any CPU
		{319CE203-8F7C-4684-8ABA-09A96093648C}.Release|Any CPU.Build.0 = Release|Any CPU
		{57559DA5-691C-4CB2-9028-4CA27FFB6621}.Debug|Any CPU.ActiveCfg = Debug|Any CPU
		{57559DA5-691C-4CB2-9028-4CA27FFB6621}.Debug|Any CPU.Build.0 = Debug|Any CPU
		{57559DA5-691C-4CB2-9028-4CA27FFB6621}.Release|Any CPU.ActiveCfg = Release|Any CPU
		{57559DA5-691C-4CB2-9028-4CA27FFB6621}.Release|Any CPU.Build.0 = Release|Any CPU
		{FCF8DA91-923A-489B-BF80-42F09BC6D8EF}.Debug|Any CPU.ActiveCfg = Debug|Any CPU
		{FCF8DA91-923A-489B-BF80-42F09BC6D8EF}.Debug|Any CPU.Build.0 = Debug|Any CPU
		{FCF8DA91-923A-489B-BF80-42F09BC6D8EF}.Release|Any CPU.ActiveCfg = Release|Any CPU
		{FCF8DA91-923A-489B-BF80-42F09BC6D8EF}.Release|Any CPU.Build.0 = Release|Any CPU
		{A334B642-830E-4185-93FE-04CBA4B52739}.Debug|Any CPU.ActiveCfg = Debug|Any CPU
		{A334B642-830E-4185-93FE-04CBA4B52739}.Debug|Any CPU.Build.0 = Debug|Any CPU
		{A334B642-830E-4185-93FE-04CBA4B52739}.Release|Any CPU.ActiveCfg = Release|Any CPU
		{A334B642-830E-4185-93FE-04CBA4B52739}.Release|Any CPU.Build.0 = Release|Any CPU
		{1164236E-C1CA-444B-9E74-60AAEE17C088}.Debug|Any CPU.ActiveCfg = Debug|Any CPU
		{1164236E-C1CA-444B-9E74-60AAEE17C088}.Debug|Any CPU.Build.0 = Debug|Any CPU
		{1164236E-C1CA-444B-9E74-60AAEE17C088}.Release|Any CPU.ActiveCfg = Release|Any CPU
		{1164236E-C1CA-444B-9E74-60AAEE17C088}.Release|Any CPU.Build.0 = Release|Any CPU
		{7BB5FAE9-3CF4-4334-9A76-71DF2F78AAE8}.Debug|Any CPU.ActiveCfg = Debug|Any CPU
		{7BB5FAE9-3CF4-4334-9A76-71DF2F78AAE8}.Debug|Any CPU.Build.0 = Debug|Any CPU
		{7BB5FAE9-3CF4-4334-9A76-71DF2F78AAE8}.Release|Any CPU.ActiveCfg = Release|Any CPU
		{7BB5FAE9-3CF4-4334-9A76-71DF2F78AAE8}.Release|Any CPU.Build.0 = Release|Any CPU
		{B937D8CD-FDDC-4D96-B03A-2C56EC2A26A3}.Debug|Any CPU.ActiveCfg = Debug|Any CPU
		{B937D8CD-FDDC-4D96-B03A-2C56EC2A26A3}.Debug|Any CPU.Build.0 = Debug|Any CPU
		{B937D8CD-FDDC-4D96-B03A-2C56EC2A26A3}.Release|Any CPU.ActiveCfg = Release|Any CPU
		{B937D8CD-FDDC-4D96-B03A-2C56EC2A26A3}.Release|Any CPU.Build.0 = Release|Any CPU
		{23C97329-8CA9-4C40-AB8C-36329C8A0928}.Debug|Any CPU.ActiveCfg = Debug|Any CPU
		{23C97329-8CA9-4C40-AB8C-36329C8A0928}.Debug|Any CPU.Build.0 = Debug|Any CPU
		{23C97329-8CA9-4C40-AB8C-36329C8A0928}.Release|Any CPU.ActiveCfg = Release|Any CPU
		{23C97329-8CA9-4C40-AB8C-36329C8A0928}.Release|Any CPU.Build.0 = Release|Any CPU
		{596F33D1-3E2A-4F44-99D6-DA0A9851EA01}.Debug|Any CPU.ActiveCfg = Debug|Any CPU
		{596F33D1-3E2A-4F44-99D6-DA0A9851EA01}.Debug|Any CPU.Build.0 = Debug|Any CPU
		{596F33D1-3E2A-4F44-99D6-DA0A9851EA01}.Release|Any CPU.ActiveCfg = Release|Any CPU
		{596F33D1-3E2A-4F44-99D6-DA0A9851EA01}.Release|Any CPU.Build.0 = Release|Any CPU
		{38794FC1-0990-4060-9D79-1B34188F547B}.Debug|Any CPU.ActiveCfg = Debug|Any CPU
		{38794FC1-0990-4060-9D79-1B34188F547B}.Debug|Any CPU.Build.0 = Debug|Any CPU
		{38794FC1-0990-4060-9D79-1B34188F547B}.Release|Any CPU.ActiveCfg = Release|Any CPU
		{38794FC1-0990-4060-9D79-1B34188F547B}.Release|Any CPU.Build.0 = Release|Any CPU
		{6912420B-02F2-4267-9BE2-AA1991C2CD3A}.Debug|Any CPU.ActiveCfg = Debug|Any CPU
		{6912420B-02F2-4267-9BE2-AA1991C2CD3A}.Debug|Any CPU.Build.0 = Debug|Any CPU
		{6912420B-02F2-4267-9BE2-AA1991C2CD3A}.Release|Any CPU.ActiveCfg = Release|Any CPU
		{6912420B-02F2-4267-9BE2-AA1991C2CD3A}.Release|Any CPU.Build.0 = Release|Any CPU
		{56F1256C-92A8-4599-9F77-2B5BAA322B8D}.Debug|Any CPU.ActiveCfg = Debug|Any CPU
		{56F1256C-92A8-4599-9F77-2B5BAA322B8D}.Debug|Any CPU.Build.0 = Debug|Any CPU
		{56F1256C-92A8-4599-9F77-2B5BAA322B8D}.Release|Any CPU.ActiveCfg = Release|Any CPU
		{56F1256C-92A8-4599-9F77-2B5BAA322B8D}.Release|Any CPU.Build.0 = Release|Any CPU
		{5873643B-71F5-4595-BE1F-AA37E441A396}.Debug|Any CPU.ActiveCfg = Debug|Any CPU
		{5873643B-71F5-4595-BE1F-AA37E441A396}.Debug|Any CPU.Build.0 = Debug|Any CPU
		{5873643B-71F5-4595-BE1F-AA37E441A396}.Release|Any CPU.ActiveCfg = Release|Any CPU
		{5873643B-71F5-4595-BE1F-AA37E441A396}.Release|Any CPU.Build.0 = Release|Any CPU
		{CE00423D-6D9E-4AA1-B2C3-F36BD5E73378}.Debug|Any CPU.ActiveCfg = Debug|Any CPU
		{CE00423D-6D9E-4AA1-B2C3-F36BD5E73378}.Debug|Any CPU.Build.0 = Debug|Any CPU
		{CE00423D-6D9E-4AA1-B2C3-F36BD5E73378}.Release|Any CPU.ActiveCfg = Release|Any CPU
		{CE00423D-6D9E-4AA1-B2C3-F36BD5E73378}.Release|Any CPU.Build.0 = Release|Any CPU
		{1995DB06-B884-4120-863B-8F9F07483400}.Debug|Any CPU.ActiveCfg = Debug|Any CPU
		{1995DB06-B884-4120-863B-8F9F07483400}.Debug|Any CPU.Build.0 = Debug|Any CPU
		{1995DB06-B884-4120-863B-8F9F07483400}.Release|Any CPU.ActiveCfg = Release|Any CPU
		{1995DB06-B884-4120-863B-8F9F07483400}.Release|Any CPU.Build.0 = Release|Any CPU
		{B00AAF5F-4EE0-41B5-8B53-F876705F8685}.Debug|Any CPU.ActiveCfg = Debug|Any CPU
		{B00AAF5F-4EE0-41B5-8B53-F876705F8685}.Debug|Any CPU.Build.0 = Debug|Any CPU
		{B00AAF5F-4EE0-41B5-8B53-F876705F8685}.Release|Any CPU.ActiveCfg = Release|Any CPU
		{B00AAF5F-4EE0-41B5-8B53-F876705F8685}.Release|Any CPU.Build.0 = Release|Any CPU
	EndGlobalSection
	GlobalSection(SolutionProperties) = preSolution
		HideSolutionNode = FALSE
	EndGlobalSection
	GlobalSection(NestedProjects) = preSolution
		{22455AB6-41FE-44A0-AE83-178414D2B90C} = {AE29194F-592A-49DB-9B4F-91181F8FA63F}
		{319CE203-8F7C-4684-8ABA-09A96093648C} = {22455AB6-41FE-44A0-AE83-178414D2B90C}
		{57559DA5-691C-4CB2-9028-4CA27FFB6621} = {22455AB6-41FE-44A0-AE83-178414D2B90C}
		{FCF8DA91-923A-489B-BF80-42F09BC6D8EF} = {22455AB6-41FE-44A0-AE83-178414D2B90C}
		{A334B642-830E-4185-93FE-04CBA4B52739} = {22455AB6-41FE-44A0-AE83-178414D2B90C}
		{26E377EA-D410-4041-B74D-DC6C23F795C6} = {AE29194F-592A-49DB-9B4F-91181F8FA63F}
		{7BB5FAE9-3CF4-4334-9A76-71DF2F78AAE8} = {26E377EA-D410-4041-B74D-DC6C23F795C6}
		{39A00F22-5C3E-44BD-A03C-0CCEC8AA5878} = {AE29194F-592A-49DB-9B4F-91181F8FA63F}
		{B937D8CD-FDDC-4D96-B03A-2C56EC2A26A3} = {39A00F22-5C3E-44BD-A03C-0CCEC8AA5878}
		{23C97329-8CA9-4C40-AB8C-36329C8A0928} = {39A00F22-5C3E-44BD-A03C-0CCEC8AA5878}
		{E8B05F90-26B0-41C1-A0D2-313905ADA6EA} = {AE29194F-592A-49DB-9B4F-91181F8FA63F}
		{E64F8FC1-2B72-4724-9692-0BDAAD0E5EE4} = {E8B05F90-26B0-41C1-A0D2-313905ADA6EA}
		{B78DEB02-3911-427D-A1C2-4EE1FBECD3D2} = {E8B05F90-26B0-41C1-A0D2-313905ADA6EA}
		{55B79118-880B-402B-9537-E653AB6DE4B0} = {E8B05F90-26B0-41C1-A0D2-313905ADA6EA}
		{596F33D1-3E2A-4F44-99D6-DA0A9851EA01} = {B78DEB02-3911-427D-A1C2-4EE1FBECD3D2}
		{38794FC1-0990-4060-9D79-1B34188F547B} = {E64F8FC1-2B72-4724-9692-0BDAAD0E5EE4}
		{6912420B-02F2-4267-9BE2-AA1991C2CD3A} = {E64F8FC1-2B72-4724-9692-0BDAAD0E5EE4}
		{56F1256C-92A8-4599-9F77-2B5BAA322B8D} = {E64F8FC1-2B72-4724-9692-0BDAAD0E5EE4}
		{5873643B-71F5-4595-BE1F-AA37E441A396} = {55B79118-880B-402B-9537-E653AB6DE4B0}
		{CE00423D-6D9E-4AA1-B2C3-F36BD5E73378} = {55B79118-880B-402B-9537-E653AB6DE4B0}
		{1995DB06-B884-4120-863B-8F9F07483400} = {3AFC0905-3021-4982-9B12-92C39D4B48A7}
		{B00AAF5F-4EE0-41B5-8B53-F876705F8685} = {ABBA1EC0-FB1E-4063-B059-F92EE8B0651F}
	EndGlobalSection
	GlobalSection(ExtensibilityGlobals) = postSolution
		SolutionGuid = {6F8C4372-290B-4EF8-96BC-53DADFFD2FA5}
	EndGlobalSection
EndGlobal
